
Microsoft Visual Studio Solution File, Format Version 12.00
# Visual Studio Version 17
VisualStudioVersion = 17.9.34622.214
MinimumVisualStudioVersion = 10.0.40219.1
Project("{9A19103F-16F7-4668-BE54-9A1E7A4F7556}") = "ColorCalculator", "ColorCalculator\ColorCalculator.csproj", "{98AB8F06-9C71-489D-AB98-81266EE7D960}"
EndProject
Project("{FAE04EC0-301F-11D3-BF4B-00C04F79EFBC}") = "ColorCalculator.Tests", "..\tests\ColorCalculator.Tests\ColorCalculator.Tests.csproj", "{4337EE6D-8F34-4A29-87CC-CF898C24056E}"
EndProject
Global
	GlobalSection(SolutionConfigurationPlatforms) = preSolution
		Debug|Any CPU = Debug|Any CPU
		Release|Any CPU = Release|Any CPU
	EndGlobalSection
	GlobalSection(ProjectConfigurationPlatforms) = postSolution
		{98AB8F06-9C71-489D-AB98-81266EE7D960}.Debug|Any CPU.ActiveCfg = Debug|Any CPU
		{98AB8F06-9C71-489D-AB98-81266EE7D960}.Debug|Any CPU.Build.0 = Debug|Any CPU
		{98AB8F06-9C71-489D-AB98-81266EE7D960}.Release|Any CPU.ActiveCfg = Release|Any CPU
		{98AB8F06-9C71-489D-AB98-81266EE7D960}.Release|Any CPU.Build.0 = Release|Any CPU
		{4337EE6D-8F34-4A29-87CC-CF898C24056E}.Debug|Any CPU.ActiveCfg = Debug|Any CPU
		{4337EE6D-8F34-4A29-87CC-CF898C24056E}.Debug|Any CPU.Build.0 = Debug|Any CPU
		{4337EE6D-8F34-4A29-87CC-CF898C24056E}.Release|Any CPU.ActiveCfg = Release|Any CPU
		{4337EE6D-8F34-4A29-87CC-CF898C24056E}.Release|Any CPU.Build.0 = Release|Any CPU
	EndGlobalSection
	GlobalSection(SolutionProperties) = preSolution
		HideSolutionNode = FALSE
	EndGlobalSection
	GlobalSection(ExtensibilityGlobals) = postSolution
		SolutionGuid = {72DA8B34-B53E-4BEB-862D-2FA9DFE72887}
	EndGlobalSection
EndGlobal
